// !$*UTF8*$!
{
	archiveVersion = 1;
	classes = {
	};
	objectVersion = 56;
	objects = {

/* Begin PBXBuildFile section */
		82601A4008A1095C194BF153 /* Pods_UniverseTestTask.framework in Frameworks */ = {isa = PBXBuildFile; fileRef = 1B16BA7CDABE8A0488AA7148 /* Pods_UniverseTestTask.framework */; };
		D91C75972AEBEF2D005F8822 /* BaseView.swift in Sources */ = {isa = PBXBuildFile; fileRef = D91C75962AEBEF2D005F8822 /* BaseView.swift */; };
		D91C75992AEBEF87005F8822 /* BaseViewModel.swift in Sources */ = {isa = PBXBuildFile; fileRef = D91C75982AEBEF87005F8822 /* BaseViewModel.swift */; };
		D91C759B2AEBEFE6005F8822 /* BaseCoordinator.swift in Sources */ = {isa = PBXBuildFile; fileRef = D91C759A2AEBEFE6005F8822 /* BaseCoordinator.swift */; };
		D91C759E2AEBF035005F8822 /* Events.swift in Sources */ = {isa = PBXBuildFile; fileRef = D91C759D2AEBF035005F8822 /* Events.swift */; };
		D91C75A02AEBF1CE005F8822 /* NetworkSessionProcessable.swift in Sources */ = {isa = PBXBuildFile; fileRef = D91C759F2AEBF1CE005F8822 /* NetworkSessionProcessable.swift */; };
		D91C75A42AEBF2BC005F8822 /* RequestError.swift in Sources */ = {isa = PBXBuildFile; fileRef = D91C75A32AEBF2BC005F8822 /* RequestError.swift */; };
		D91C75A62AEBF325005F8822 /* URLContainable.swift in Sources */ = {isa = PBXBuildFile; fileRef = D91C75A52AEBF325005F8822 /* URLContainable.swift */; };
		D91C75A82AEBF363005F8822 /* HTTPMethod.swift in Sources */ = {isa = PBXBuildFile; fileRef = D91C75A72AEBF363005F8822 /* HTTPMethod.swift */; };
		D91C75AA2AEBF45A005F8822 /* NetworkServiceContainable.swift in Sources */ = {isa = PBXBuildFile; fileRef = D91C75A92AEBF45A005F8822 /* NetworkServiceContainable.swift */; };
		D91C75AC2AEBF513005F8822 /* NetworkService.swift in Sources */ = {isa = PBXBuildFile; fileRef = D91C75AB2AEBF513005F8822 /* NetworkService.swift */; };
		D91C75B12AEBFAAC005F8822 /* MainCoordinator.swift in Sources */ = {isa = PBXBuildFile; fileRef = D91C75B02AEBFAAC005F8822 /* MainCoordinator.swift */; };
		D91C75B32AEBFC58005F8822 /* OnboardingCoordinator.swift in Sources */ = {isa = PBXBuildFile; fileRef = D91C75B22AEBFC58005F8822 /* OnboardingCoordinator.swift */; };
		D91C75B92AEC051C005F8822 /* OnboardingView.swift in Sources */ = {isa = PBXBuildFile; fileRef = D91C75B82AEC051C005F8822 /* OnboardingView.swift */; };
		D91C75BC2AEC44EA005F8822 /* UIColor+Extensions.swift in Sources */ = {isa = PBXBuildFile; fileRef = D91C75BB2AEC44EA005F8822 /* UIColor+Extensions.swift */; };
		D91C75BE2AEC4AA8005F8822 /* OnboardingViewModel.swift in Sources */ = {isa = PBXBuildFile; fileRef = D91C75BD2AEC4AA8005F8822 /* OnboardingViewModel.swift */; };
		D91C75C02AEC52B1005F8822 /* ChildCoordinator.swift in Sources */ = {isa = PBXBuildFile; fileRef = D91C75BF2AEC52B1005F8822 /* ChildCoordinator.swift */; };
		D91C75C22AEC5919005F8822 /* Constants.swift in Sources */ = {isa = PBXBuildFile; fileRef = D91C75C12AEC5919005F8822 /* Constants.swift */; };
		D91C75C52AEC63FF005F8822 /* CenterSnapCollectionViewFlowLayout.swift in Sources */ = {isa = PBXBuildFile; fileRef = D91C75C42AEC63FF005F8822 /* CenterSnapCollectionViewFlowLayout.swift */; };
		D91C75C72AEC6FFD005F8822 /* OnboardingCollectionViewCell.swift in Sources */ = {isa = PBXBuildFile; fileRef = D91C75C62AEC6FFD005F8822 /* OnboardingCollectionViewCell.swift */; };
		D91C75CA2AECECE6005F8822 /* OnboardingCellModel.swift in Sources */ = {isa = PBXBuildFile; fileRef = D91C75C92AECECE5005F8822 /* OnboardingCellModel.swift */; };
		D920A9142AEBDED60090C83A /* AppDelegate.swift in Sources */ = {isa = PBXBuildFile; fileRef = D920A9132AEBDED60090C83A /* AppDelegate.swift */; };
		D920A9182AEBDED60090C83A /* ViewController.swift in Sources */ = {isa = PBXBuildFile; fileRef = D920A9172AEBDED60090C83A /* ViewController.swift */; };
		D920A91D2AEBDED80090C83A /* Assets.xcassets in Resources */ = {isa = PBXBuildFile; fileRef = D920A91C2AEBDED80090C83A /* Assets.xcassets */; };
		D920A9202AEBDED80090C83A /* LaunchScreen.storyboard in Resources */ = {isa = PBXBuildFile; fileRef = D920A91E2AEBDED80090C83A /* LaunchScreen.storyboard */; };
/* End PBXBuildFile section */

/* Begin PBXFileReference section */
		1B16BA7CDABE8A0488AA7148 /* Pods_UniverseTestTask.framework */ = {isa = PBXFileReference; explicitFileType = wrapper.framework; includeInIndex = 0; path = Pods_UniverseTestTask.framework; sourceTree = BUILT_PRODUCTS_DIR; };
		82B4544AAC1F978D638A1984 /* Pods-UniverseTestTask.debug.xcconfig */ = {isa = PBXFileReference; includeInIndex = 1; lastKnownFileType = text.xcconfig; name = "Pods-UniverseTestTask.debug.xcconfig"; path = "Target Support Files/Pods-UniverseTestTask/Pods-UniverseTestTask.debug.xcconfig"; sourceTree = "<group>"; };
		D91C75962AEBEF2D005F8822 /* BaseView.swift */ = {isa = PBXFileReference; lastKnownFileType = sourcecode.swift; path = BaseView.swift; sourceTree = "<group>"; };
		D91C75982AEBEF87005F8822 /* BaseViewModel.swift */ = {isa = PBXFileReference; lastKnownFileType = sourcecode.swift; path = BaseViewModel.swift; sourceTree = "<group>"; };
		D91C759A2AEBEFE6005F8822 /* BaseCoordinator.swift */ = {isa = PBXFileReference; lastKnownFileType = sourcecode.swift; path = BaseCoordinator.swift; sourceTree = "<group>"; };
		D91C759D2AEBF035005F8822 /* Events.swift */ = {isa = PBXFileReference; lastKnownFileType = sourcecode.swift; path = Events.swift; sourceTree = "<group>"; };
		D91C759F2AEBF1CE005F8822 /* NetworkSessionProcessable.swift */ = {isa = PBXFileReference; lastKnownFileType = sourcecode.swift; path = NetworkSessionProcessable.swift; sourceTree = "<group>"; };
		D91C75A32AEBF2BC005F8822 /* RequestError.swift */ = {isa = PBXFileReference; lastKnownFileType = sourcecode.swift; path = RequestError.swift; sourceTree = "<group>"; };
		D91C75A52AEBF325005F8822 /* URLContainable.swift */ = {isa = PBXFileReference; lastKnownFileType = sourcecode.swift; path = URLContainable.swift; sourceTree = "<group>"; };
		D91C75A72AEBF363005F8822 /* HTTPMethod.swift */ = {isa = PBXFileReference; lastKnownFileType = sourcecode.swift; path = HTTPMethod.swift; sourceTree = "<group>"; };
		D91C75A92AEBF45A005F8822 /* NetworkServiceContainable.swift */ = {isa = PBXFileReference; lastKnownFileType = sourcecode.swift; path = NetworkServiceContainable.swift; sourceTree = "<group>"; };
		D91C75AB2AEBF513005F8822 /* NetworkService.swift */ = {isa = PBXFileReference; lastKnownFileType = sourcecode.swift; path = NetworkService.swift; sourceTree = "<group>"; };
		D91C75B02AEBFAAC005F8822 /* MainCoordinator.swift */ = {isa = PBXFileReference; lastKnownFileType = sourcecode.swift; path = MainCoordinator.swift; sourceTree = "<group>"; };
		D91C75B22AEBFC58005F8822 /* OnboardingCoordinator.swift */ = {isa = PBXFileReference; lastKnownFileType = sourcecode.swift; path = OnboardingCoordinator.swift; sourceTree = "<group>"; };
		D91C75B82AEC051C005F8822 /* OnboardingView.swift */ = {isa = PBXFileReference; lastKnownFileType = sourcecode.swift; path = OnboardingView.swift; sourceTree = "<group>"; };
		D91C75BB2AEC44EA005F8822 /* UIColor+Extensions.swift */ = {isa = PBXFileReference; lastKnownFileType = sourcecode.swift; path = "UIColor+Extensions.swift"; sourceTree = "<group>"; };
		D91C75BD2AEC4AA8005F8822 /* OnboardingViewModel.swift */ = {isa = PBXFileReference; lastKnownFileType = sourcecode.swift; path = OnboardingViewModel.swift; sourceTree = "<group>"; };
		D91C75BF2AEC52B1005F8822 /* ChildCoordinator.swift */ = {isa = PBXFileReference; lastKnownFileType = sourcecode.swift; path = ChildCoordinator.swift; sourceTree = "<group>"; };
		D91C75C12AEC5919005F8822 /* Constants.swift */ = {isa = PBXFileReference; lastKnownFileType = sourcecode.swift; path = Constants.swift; sourceTree = "<group>"; };
		D91C75C42AEC63FF005F8822 /* CenterSnapCollectionViewFlowLayout.swift */ = {isa = PBXFileReference; lastKnownFileType = sourcecode.swift; path = CenterSnapCollectionViewFlowLayout.swift; sourceTree = "<group>"; };
		D91C75C62AEC6FFD005F8822 /* OnboardingCollectionViewCell.swift */ = {isa = PBXFileReference; lastKnownFileType = sourcecode.swift; path = OnboardingCollectionViewCell.swift; sourceTree = "<group>"; };
		D91C75C92AECECE5005F8822 /* OnboardingCellModel.swift */ = {isa = PBXFileReference; lastKnownFileType = sourcecode.swift; path = OnboardingCellModel.swift; sourceTree = "<group>"; };
		D920A9102AEBDED60090C83A /* UniverseTestTask.app */ = {isa = PBXFileReference; explicitFileType = wrapper.application; includeInIndex = 0; path = UniverseTestTask.app; sourceTree = BUILT_PRODUCTS_DIR; };
		D920A9132AEBDED60090C83A /* AppDelegate.swift */ = {isa = PBXFileReference; lastKnownFileType = sourcecode.swift; path = AppDelegate.swift; sourceTree = "<group>"; };
		D920A9172AEBDED60090C83A /* ViewController.swift */ = {isa = PBXFileReference; lastKnownFileType = sourcecode.swift; path = ViewController.swift; sourceTree = "<group>"; };
		D920A91C2AEBDED80090C83A /* Assets.xcassets */ = {isa = PBXFileReference; lastKnownFileType = folder.assetcatalog; path = Assets.xcassets; sourceTree = "<group>"; };
		D920A91F2AEBDED80090C83A /* Base */ = {isa = PBXFileReference; lastKnownFileType = file.storyboard; name = Base; path = Base.lproj/LaunchScreen.storyboard; sourceTree = "<group>"; };
		D920A9212AEBDED80090C83A /* Info.plist */ = {isa = PBXFileReference; lastKnownFileType = text.plist.xml; path = Info.plist; sourceTree = "<group>"; };
		EFB7CE61ECEFA541F9B40C82 /* Pods-UniverseTestTask.release.xcconfig */ = {isa = PBXFileReference; includeInIndex = 1; lastKnownFileType = text.xcconfig; name = "Pods-UniverseTestTask.release.xcconfig"; path = "Target Support Files/Pods-UniverseTestTask/Pods-UniverseTestTask.release.xcconfig"; sourceTree = "<group>"; };
/* End PBXFileReference section */

/* Begin PBXFrameworksBuildPhase section */
		D920A90D2AEBDED60090C83A /* Frameworks */ = {
			isa = PBXFrameworksBuildPhase;
			buildActionMask = 2147483647;
			files = (
				82601A4008A1095C194BF153 /* Pods_UniverseTestTask.framework in Frameworks */,
			);
			runOnlyForDeploymentPostprocessing = 0;
		};
/* End PBXFrameworksBuildPhase section */

/* Begin PBXGroup section */
		7ECAB1C1E674D18978D70D09 /* Frameworks */ = {
			isa = PBXGroup;
			children = (
				1B16BA7CDABE8A0488AA7148 /* Pods_UniverseTestTask.framework */,
			);
			name = Frameworks;
			sourceTree = "<group>";
		};
		AFD8744E99A1C1EF7157E892 /* Pods */ = {
			isa = PBXGroup;
			children = (
				82B4544AAC1F978D638A1984 /* Pods-UniverseTestTask.debug.xcconfig */,
				EFB7CE61ECEFA541F9B40C82 /* Pods-UniverseTestTask.release.xcconfig */,
			);
			path = Pods;
			sourceTree = "<group>";
		};
		D91C75932AEBEDDB005F8822 /* SupportingFiles */ = {
			isa = PBXGroup;
			children = (
				D920A91C2AEBDED80090C83A /* Assets.xcassets */,
				D920A91E2AEBDED80090C83A /* LaunchScreen.storyboard */,
				D920A9212AEBDED80090C83A /* Info.plist */,
			);
			path = SupportingFiles;
			sourceTree = "<group>";
		};
		D91C75942AEBEE86005F8822 /* Application */ = {
			isa = PBXGroup;
			children = (
				D920A9132AEBDED60090C83A /* AppDelegate.swift */,
			);
			path = Application;
			sourceTree = "<group>";
		};
		D91C75952AEBEED7005F8822 /* BaseComponents */ = {
			isa = PBXGroup;
			children = (
				D91C75962AEBEF2D005F8822 /* BaseView.swift */,
				D91C75982AEBEF87005F8822 /* BaseViewModel.swift */,
				D91C759A2AEBEFE6005F8822 /* BaseCoordinator.swift */,
				D91C75BF2AEC52B1005F8822 /* ChildCoordinator.swift */,
				D91C75C12AEC5919005F8822 /* Constants.swift */,
			);
			path = BaseComponents;
			sourceTree = "<group>";
		};
		D91C759C2AEBF023005F8822 /* Protocols */ = {
			isa = PBXGroup;
			children = (
				D91C759D2AEBF035005F8822 /* Events.swift */,
				D91C759F2AEBF1CE005F8822 /* NetworkSessionProcessable.swift */,
				D91C75A52AEBF325005F8822 /* URLContainable.swift */,
				D91C75A92AEBF45A005F8822 /* NetworkServiceContainable.swift */,
			);
			path = Protocols;
			sourceTree = "<group>";
		};
		D91C75A12AEBF26F005F8822 /* Managers */ = {
			isa = PBXGroup;
			children = (
				D91C75A22AEBF28A005F8822 /* NetworkService */,
			);
			path = Managers;
			sourceTree = "<group>";
		};
		D91C75A22AEBF28A005F8822 /* NetworkService */ = {
			isa = PBXGroup;
			children = (
				D91C75A32AEBF2BC005F8822 /* RequestError.swift */,
				D91C75A72AEBF363005F8822 /* HTTPMethod.swift */,
				D91C75AB2AEBF513005F8822 /* NetworkService.swift */,
			);
			path = NetworkService;
			sourceTree = "<group>";
		};
		D91C75AD2AEBF632005F8822 /* FlowComponents */ = {
			isa = PBXGroup;
			children = (
				D91C75AE2AEBF66D005F8822 /* OnboardingFlow */,
			);
			path = FlowComponents;
			sourceTree = "<group>";
		};
		D91C75AE2AEBF66D005F8822 /* OnboardingFlow */ = {
			isa = PBXGroup;
			children = (
				D91C75B82AEC051C005F8822 /* OnboardingView.swift */,
				D91C75BD2AEC4AA8005F8822 /* OnboardingViewModel.swift */,
				D91C75C32AEC63D2005F8822 /* Private */,
			);
			path = OnboardingFlow;
			sourceTree = "<group>";
		};
		D91C75AF2AEBF68C005F8822 /* Coordinators */ = {
			isa = PBXGroup;
			children = (
				D91C75B02AEBFAAC005F8822 /* MainCoordinator.swift */,
				D91C75B22AEBFC58005F8822 /* OnboardingCoordinator.swift */,
			);
			path = Coordinators;
			sourceTree = "<group>";
		};
		D91C75BA2AEC44AF005F8822 /* Extensions */ = {
			isa = PBXGroup;
			children = (
				D91C75BB2AEC44EA005F8822 /* UIColor+Extensions.swift */,
			);
			path = Extensions;
			sourceTree = "<group>";
		};
		D91C75C32AEC63D2005F8822 /* Private */ = {
			isa = PBXGroup;
			children = (
				D91C75C42AEC63FF005F8822 /* CenterSnapCollectionViewFlowLayout.swift */,
				D91C75C62AEC6FFD005F8822 /* OnboardingCollectionViewCell.swift */,
			);
			path = Private;
			sourceTree = "<group>";
		};
		D91C75C82AECECCF005F8822 /* Models */ = {
			isa = PBXGroup;
			children = (
				D91C75C92AECECE5005F8822 /* OnboardingCellModel.swift */,
			);
			path = Models;
			sourceTree = "<group>";
		};
		D920A9072AEBDED60090C83A = {
			isa = PBXGroup;
			children = (
				D920A9122AEBDED60090C83A /* UniverseTestTask */,
				D920A9112AEBDED60090C83A /* Products */,
				AFD8744E99A1C1EF7157E892 /* Pods */,
				7ECAB1C1E674D18978D70D09 /* Frameworks */,
			);
			sourceTree = "<group>";
		};
		D920A9112AEBDED60090C83A /* Products */ = {
			isa = PBXGroup;
			children = (
				D920A9102AEBDED60090C83A /* UniverseTestTask.app */,
			);
			name = Products;
			sourceTree = "<group>";
		};
		D920A9122AEBDED60090C83A /* UniverseTestTask */ = {
			isa = PBXGroup;
			children = (
				D91C75C82AECECCF005F8822 /* Models */,
				D91C75BA2AEC44AF005F8822 /* Extensions */,
				D91C75AF2AEBF68C005F8822 /* Coordinators */,
				D91C75AD2AEBF632005F8822 /* FlowComponents */,
				D91C75A12AEBF26F005F8822 /* Managers */,
				D91C759C2AEBF023005F8822 /* Protocols */,
				D91C75952AEBEED7005F8822 /* BaseComponents */,
				D91C75942AEBEE86005F8822 /* Application */,
				D91C75932AEBEDDB005F8822 /* SupportingFiles */,
				D920A9172AEBDED60090C83A /* ViewController.swift */,
			);
			path = UniverseTestTask;
			sourceTree = "<group>";
		};
/* End PBXGroup section */

/* Begin PBXNativeTarget section */
		D920A90F2AEBDED60090C83A /* UniverseTestTask */ = {
			isa = PBXNativeTarget;
			buildConfigurationList = D920A9242AEBDED80090C83A /* Build configuration list for PBXNativeTarget "UniverseTestTask" */;
			buildPhases = (
				E84293E0A6889879C9F42147 /* [CP] Check Pods Manifest.lock */,
				D920A90C2AEBDED60090C83A /* Sources */,
				D920A90D2AEBDED60090C83A /* Frameworks */,
				D920A90E2AEBDED60090C83A /* Resources */,
				63B2C36174EFD657C15A3DCA /* [CP] Embed Pods Frameworks */,
			);
			buildRules = (
			);
			dependencies = (
			);
			name = UniverseTestTask;
			productName = UniverseTestTask;
			productReference = D920A9102AEBDED60090C83A /* UniverseTestTask.app */;
			productType = "com.apple.product-type.application";
		};
/* End PBXNativeTarget section */

/* Begin PBXProject section */
		D920A9082AEBDED60090C83A /* Project object */ = {
			isa = PBXProject;
			attributes = {
				BuildIndependentTargetsInParallel = 1;
				LastSwiftUpdateCheck = 1500;
				LastUpgradeCheck = 1500;
				TargetAttributes = {
					D920A90F2AEBDED60090C83A = {
						CreatedOnToolsVersion = 15.0;
					};
				};
			};
			buildConfigurationList = D920A90B2AEBDED60090C83A /* Build configuration list for PBXProject "UniverseTestTask" */;
			compatibilityVersion = "Xcode 14.0";
			developmentRegion = en;
			hasScannedForEncodings = 0;
			knownRegions = (
				en,
				Base,
			);
			mainGroup = D920A9072AEBDED60090C83A;
			productRefGroup = D920A9112AEBDED60090C83A /* Products */;
			projectDirPath = "";
			projectRoot = "";
			targets = (
				D920A90F2AEBDED60090C83A /* UniverseTestTask */,
			);
		};
/* End PBXProject section */

/* Begin PBXResourcesBuildPhase section */
		D920A90E2AEBDED60090C83A /* Resources */ = {
			isa = PBXResourcesBuildPhase;
			buildActionMask = 2147483647;
			files = (
				D920A9202AEBDED80090C83A /* LaunchScreen.storyboard in Resources */,
				D920A91D2AEBDED80090C83A /* Assets.xcassets in Resources */,
			);
			runOnlyForDeploymentPostprocessing = 0;
		};
/* End PBXResourcesBuildPhase section */

/* Begin PBXShellScriptBuildPhase section */
		63B2C36174EFD657C15A3DCA /* [CP] Embed Pods Frameworks */ = {
			isa = PBXShellScriptBuildPhase;
			buildActionMask = 2147483647;
			files = (
			);
			inputFileListPaths = (
				"${PODS_ROOT}/Target Support Files/Pods-UniverseTestTask/Pods-UniverseTestTask-frameworks-${CONFIGURATION}-input-files.xcfilelist",
			);
			name = "[CP] Embed Pods Frameworks";
			outputFileListPaths = (
				"${PODS_ROOT}/Target Support Files/Pods-UniverseTestTask/Pods-UniverseTestTask-frameworks-${CONFIGURATION}-output-files.xcfilelist",
			);
			runOnlyForDeploymentPostprocessing = 0;
			shellPath = /bin/sh;
			shellScript = "\"${PODS_ROOT}/Target Support Files/Pods-UniverseTestTask/Pods-UniverseTestTask-frameworks.sh\"\n";
			showEnvVarsInLog = 0;
		};
		E84293E0A6889879C9F42147 /* [CP] Check Pods Manifest.lock */ = {
			isa = PBXShellScriptBuildPhase;
			buildActionMask = 2147483647;
			files = (
			);
			inputFileListPaths = (
			);
			inputPaths = (
				"${PODS_PODFILE_DIR_PATH}/Podfile.lock",
				"${PODS_ROOT}/Manifest.lock",
			);
			name = "[CP] Check Pods Manifest.lock";
			outputFileListPaths = (
			);
			outputPaths = (
				"$(DERIVED_FILE_DIR)/Pods-UniverseTestTask-checkManifestLockResult.txt",
			);
			runOnlyForDeploymentPostprocessing = 0;
			shellPath = /bin/sh;
			shellScript = "diff \"${PODS_PODFILE_DIR_PATH}/Podfile.lock\" \"${PODS_ROOT}/Manifest.lock\" > /dev/null\nif [ $? != 0 ] ; then\n    # print error to STDERR\n    echo \"error: The sandbox is not in sync with the Podfile.lock. Run 'pod install' or update your CocoaPods installation.\" >&2\n    exit 1\nfi\n# This output is used by Xcode 'outputs' to avoid re-running this script phase.\necho \"SUCCESS\" > \"${SCRIPT_OUTPUT_FILE_0}\"\n";
			showEnvVarsInLog = 0;
		};
/* End PBXShellScriptBuildPhase section */

/* Begin PBXSourcesBuildPhase section */
		D920A90C2AEBDED60090C83A /* Sources */ = {
			isa = PBXSourcesBuildPhase;
			buildActionMask = 2147483647;
			files = (
				D91C75A42AEBF2BC005F8822 /* RequestError.swift in Sources */,
				D91C75C22AEC5919005F8822 /* Constants.swift in Sources */,
				D91C75A62AEBF325005F8822 /* URLContainable.swift in Sources */,
				D91C75C52AEC63FF005F8822 /* CenterSnapCollectionViewFlowLayout.swift in Sources */,
				D91C75CA2AECECE6005F8822 /* OnboardingCellModel.swift in Sources */,
				D91C759E2AEBF035005F8822 /* Events.swift in Sources */,
				D91C75C72AEC6FFD005F8822 /* OnboardingCollectionViewCell.swift in Sources */,
				D91C75B32AEBFC58005F8822 /* OnboardingCoordinator.swift in Sources */,
				D91C75A02AEBF1CE005F8822 /* NetworkSessionProcessable.swift in Sources */,
				D91C759B2AEBEFE6005F8822 /* BaseCoordinator.swift in Sources */,
				D91C75AA2AEBF45A005F8822 /* NetworkServiceContainable.swift in Sources */,
				D91C75C02AEC52B1005F8822 /* ChildCoordinator.swift in Sources */,
				D91C75B92AEC051C005F8822 /* OnboardingView.swift in Sources */,
				D91C75972AEBEF2D005F8822 /* BaseView.swift in Sources */,
				D91C75BE2AEC4AA8005F8822 /* OnboardingViewModel.swift in Sources */,
				D91C75992AEBEF87005F8822 /* BaseViewModel.swift in Sources */,
				D920A9182AEBDED60090C83A /* ViewController.swift in Sources */,
				D91C75BC2AEC44EA005F8822 /* UIColor+Extensions.swift in Sources */,
				D91C75A82AEBF363005F8822 /* HTTPMethod.swift in Sources */,
				D91C75B12AEBFAAC005F8822 /* MainCoordinator.swift in Sources */,
				D91C75AC2AEBF513005F8822 /* NetworkService.swift in Sources */,
				D920A9142AEBDED60090C83A /* AppDelegate.swift in Sources */,
			);
			runOnlyForDeploymentPostprocessing = 0;
		};
/* End PBXSourcesBuildPhase section */

/* Begin PBXVariantGroup section */
		D920A91E2AEBDED80090C83A /* LaunchScreen.storyboard */ = {
			isa = PBXVariantGroup;
			children = (
				D920A91F2AEBDED80090C83A /* Base */,
			);
			name = LaunchScreen.storyboard;
			sourceTree = "<group>";
		};
/* End PBXVariantGroup section */

/* Begin XCBuildConfiguration section */
		D920A9222AEBDED80090C83A /* Debug */ = {
			isa = XCBuildConfiguration;
			buildSettings = {
				ALWAYS_SEARCH_USER_PATHS = NO;
				ASSETCATALOG_COMPILER_GENERATE_SWIFT_ASSET_SYMBOL_EXTENSIONS = YES;
				CLANG_ANALYZER_NONNULL = YES;
				CLANG_ANALYZER_NUMBER_OBJECT_CONVERSION = YES_AGGRESSIVE;
				CLANG_CXX_LANGUAGE_STANDARD = "gnu++20";
				CLANG_ENABLE_MODULES = YES;
				CLANG_ENABLE_OBJC_ARC = YES;
				CLANG_ENABLE_OBJC_WEAK = YES;
				CLANG_WARN_BLOCK_CAPTURE_AUTORELEASING = YES;
				CLANG_WARN_BOOL_CONVERSION = YES;
				CLANG_WARN_COMMA = YES;
				CLANG_WARN_CONSTANT_CONVERSION = YES;
				CLANG_WARN_DEPRECATED_OBJC_IMPLEMENTATIONS = YES;
				CLANG_WARN_DIRECT_OBJC_ISA_USAGE = YES_ERROR;
				CLANG_WARN_DOCUMENTATION_COMMENTS = YES;
				CLANG_WARN_EMPTY_BODY = YES;
				CLANG_WARN_ENUM_CONVERSION = YES;
				CLANG_WARN_INFINITE_RECURSION = YES;
				CLANG_WARN_INT_CONVERSION = YES;
				CLANG_WARN_NON_LITERAL_NULL_CONVERSION = YES;
				CLANG_WARN_OBJC_IMPLICIT_RETAIN_SELF = YES;
				CLANG_WARN_OBJC_LITERAL_CONVERSION = YES;
				CLANG_WARN_OBJC_ROOT_CLASS = YES_ERROR;
				CLANG_WARN_QUOTED_INCLUDE_IN_FRAMEWORK_HEADER = YES;
				CLANG_WARN_RANGE_LOOP_ANALYSIS = YES;
				CLANG_WARN_STRICT_PROTOTYPES = YES;
				CLANG_WARN_SUSPICIOUS_MOVE = YES;
				CLANG_WARN_UNGUARDED_AVAILABILITY = YES_AGGRESSIVE;
				CLANG_WARN_UNREACHABLE_CODE = YES;
				CLANG_WARN__DUPLICATE_METHOD_MATCH = YES;
				COPY_PHASE_STRIP = NO;
				DEBUG_INFORMATION_FORMAT = dwarf;
				ENABLE_STRICT_OBJC_MSGSEND = YES;
				ENABLE_TESTABILITY = YES;
				ENABLE_USER_SCRIPT_SANDBOXING = NO;
				GCC_C_LANGUAGE_STANDARD = gnu17;
				GCC_DYNAMIC_NO_PIC = NO;
				GCC_NO_COMMON_BLOCKS = YES;
				GCC_OPTIMIZATION_LEVEL = 0;
				GCC_PREPROCESSOR_DEFINITIONS = (
					"DEBUG=1",
					"$(inherited)",
				);
				GCC_WARN_64_TO_32_BIT_CONVERSION = YES;
				GCC_WARN_ABOUT_RETURN_TYPE = YES_ERROR;
				GCC_WARN_UNDECLARED_SELECTOR = YES;
				GCC_WARN_UNINITIALIZED_AUTOS = YES_AGGRESSIVE;
				GCC_WARN_UNUSED_FUNCTION = YES;
				GCC_WARN_UNUSED_VARIABLE = YES;
				IPHONEOS_DEPLOYMENT_TARGET = 17.0;
				LOCALIZATION_PREFERS_STRING_CATALOGS = YES;
				MTL_ENABLE_DEBUG_INFO = INCLUDE_SOURCE;
				MTL_FAST_MATH = YES;
				ONLY_ACTIVE_ARCH = YES;
				SDKROOT = iphoneos;
				SWIFT_ACTIVE_COMPILATION_CONDITIONS = "DEBUG $(inherited)";
				SWIFT_OPTIMIZATION_LEVEL = "-Onone";
			};
			name = Debug;
		};
		D920A9232AEBDED80090C83A /* Release */ = {
			isa = XCBuildConfiguration;
			buildSettings = {
				ALWAYS_SEARCH_USER_PATHS = NO;
				ASSETCATALOG_COMPILER_GENERATE_SWIFT_ASSET_SYMBOL_EXTENSIONS = YES;
				CLANG_ANALYZER_NONNULL = YES;
				CLANG_ANALYZER_NUMBER_OBJECT_CONVERSION = YES_AGGRESSIVE;
				CLANG_CXX_LANGUAGE_STANDARD = "gnu++20";
				CLANG_ENABLE_MODULES = YES;
				CLANG_ENABLE_OBJC_ARC = YES;
				CLANG_ENABLE_OBJC_WEAK = YES;
				CLANG_WARN_BLOCK_CAPTURE_AUTORELEASING = YES;
				CLANG_WARN_BOOL_CONVERSION = YES;
				CLANG_WARN_COMMA = YES;
				CLANG_WARN_CONSTANT_CONVERSION = YES;
				CLANG_WARN_DEPRECATED_OBJC_IMPLEMENTATIONS = YES;
				CLANG_WARN_DIRECT_OBJC_ISA_USAGE = YES_ERROR;
				CLANG_WARN_DOCUMENTATION_COMMENTS = YES;
				CLANG_WARN_EMPTY_BODY = YES;
				CLANG_WARN_ENUM_CONVERSION = YES;
				CLANG_WARN_INFINITE_RECURSION = YES;
				CLANG_WARN_INT_CONVERSION = YES;
				CLANG_WARN_NON_LITERAL_NULL_CONVERSION = YES;
				CLANG_WARN_OBJC_IMPLICIT_RETAIN_SELF = YES;
				CLANG_WARN_OBJC_LITERAL_CONVERSION = YES;
				CLANG_WARN_OBJC_ROOT_CLASS = YES_ERROR;
				CLANG_WARN_QUOTED_INCLUDE_IN_FRAMEWORK_HEADER = YES;
				CLANG_WARN_RANGE_LOOP_ANALYSIS = YES;
				CLANG_WARN_STRICT_PROTOTYPES = YES;
				CLANG_WARN_SUSPICIOUS_MOVE = YES;
				CLANG_WARN_UNGUARDED_AVAILABILITY = YES_AGGRESSIVE;
				CLANG_WARN_UNREACHABLE_CODE = YES;
				CLANG_WARN__DUPLICATE_METHOD_MATCH = YES;
				COPY_PHASE_STRIP = NO;
				DEBUG_INFORMATION_FORMAT = "dwarf-with-dsym";
				ENABLE_NS_ASSERTIONS = NO;
				ENABLE_STRICT_OBJC_MSGSEND = YES;
				ENABLE_USER_SCRIPT_SANDBOXING = NO;
				GCC_C_LANGUAGE_STANDARD = gnu17;
				GCC_NO_COMMON_BLOCKS = YES;
				GCC_WARN_64_TO_32_BIT_CONVERSION = YES;
				GCC_WARN_ABOUT_RETURN_TYPE = YES_ERROR;
				GCC_WARN_UNDECLARED_SELECTOR = YES;
				GCC_WARN_UNINITIALIZED_AUTOS = YES_AGGRESSIVE;
				GCC_WARN_UNUSED_FUNCTION = YES;
				GCC_WARN_UNUSED_VARIABLE = YES;
				IPHONEOS_DEPLOYMENT_TARGET = 17.0;
				LOCALIZATION_PREFERS_STRING_CATALOGS = YES;
				MTL_ENABLE_DEBUG_INFO = NO;
				MTL_FAST_MATH = YES;
				SDKROOT = iphoneos;
				SWIFT_COMPILATION_MODE = wholemodule;
				VALIDATE_PRODUCT = YES;
			};
			name = Release;
		};
		D920A9252AEBDED80090C83A /* Debug */ = {
			isa = XCBuildConfiguration;
			baseConfigurationReference = 82B4544AAC1F978D638A1984 /* Pods-UniverseTestTask.debug.xcconfig */;
			buildSettings = {
				ASSETCATALOG_COMPILER_APPICON_NAME = AppIcon;
				ASSETCATALOG_COMPILER_GLOBAL_ACCENT_COLOR_NAME = AccentColor;
				CODE_SIGN_STYLE = Automatic;
				CURRENT_PROJECT_VERSION = 1;
				GENERATE_INFOPLIST_FILE = YES;
				INFOPLIST_FILE = UniverseTestTask/SupportingFiles/Info.plist;
				INFOPLIST_KEY_UIApplicationSupportsIndirectInputEvents = YES;
				INFOPLIST_KEY_UILaunchStoryboardName = LaunchScreen;
				INFOPLIST_KEY_UISupportedInterfaceOrientations_iPad = "UIInterfaceOrientationPortrait UIInterfaceOrientationPortraitUpsideDown UIInterfaceOrientationLandscapeLeft UIInterfaceOrientationLandscapeRight";
				INFOPLIST_KEY_UISupportedInterfaceOrientations_iPhone = "UIInterfaceOrientationPortrait UIInterfaceOrientationLandscapeLeft UIInterfaceOrientationLandscapeRight";
				LD_RUNPATH_SEARCH_PATHS = (
					"$(inherited)",
					"@executable_path/Frameworks",
				);
				MARKETING_VERSION = 1.0;
				PRODUCT_BUNDLE_IDENTIFIER = com.ermakov.UniverseTestTask;
				PRODUCT_NAME = "$(TARGET_NAME)";
				SWIFT_EMIT_LOC_STRINGS = YES;
				SWIFT_VERSION = 5.0;
				TARGETED_DEVICE_FAMILY = "1,2";
			};
			name = Debug;
		};
		D920A9262AEBDED80090C83A /* Release */ = {
			isa = XCBuildConfiguration;
			baseConfigurationReference = EFB7CE61ECEFA541F9B40C82 /* Pods-UniverseTestTask.release.xcconfig */;
			buildSettings = {
				ASSETCATALOG_COMPILER_APPICON_NAME = AppIcon;
				ASSETCATALOG_COMPILER_GLOBAL_ACCENT_COLOR_NAME = AccentColor;
				CODE_SIGN_STYLE = Automatic;
				CURRENT_PROJECT_VERSION = 1;
				GENERATE_INFOPLIST_FILE = YES;
				INFOPLIST_FILE = UniverseTestTask/SupportingFiles/Info.plist;
				INFOPLIST_KEY_UIApplicationSupportsIndirectInputEvents = YES;
				INFOPLIST_KEY_UILaunchStoryboardName = LaunchScreen;
				INFOPLIST_KEY_UISupportedInterfaceOrientations_iPad = "UIInterfaceOrientationPortrait UIInterfaceOrientationPortraitUpsideDown UIInterfaceOrientationLandscapeLeft UIInterfaceOrientationLandscapeRight";
				INFOPLIST_KEY_UISupportedInterfaceOrientations_iPhone = "UIInterfaceOrientationPortrait UIInterfaceOrientationLandscapeLeft UIInterfaceOrientationLandscapeRight";
				LD_RUNPATH_SEARCH_PATHS = (
					"$(inherited)",
					"@executable_path/Frameworks",
				);
				MARKETING_VERSION = 1.0;
				PRODUCT_BUNDLE_IDENTIFIER = com.ermakov.UniverseTestTask;
				PRODUCT_NAME = "$(TARGET_NAME)";
				SWIFT_EMIT_LOC_STRINGS = YES;
				SWIFT_VERSION = 5.0;
				TARGETED_DEVICE_FAMILY = "1,2";
			};
			name = Release;
		};
/* End XCBuildConfiguration section */

/* Begin XCConfigurationList section */
		D920A90B2AEBDED60090C83A /* Build configuration list for PBXProject "UniverseTestTask" */ = {
			isa = XCConfigurationList;
			buildConfigurations = (
				D920A9222AEBDED80090C83A /* Debug */,
				D920A9232AEBDED80090C83A /* Release */,
			);
			defaultConfigurationIsVisible = 0;
			defaultConfigurationName = Release;
		};
		D920A9242AEBDED80090C83A /* Build configuration list for PBXNativeTarget "UniverseTestTask" */ = {
			isa = XCConfigurationList;
			buildConfigurations = (
				D920A9252AEBDED80090C83A /* Debug */,
				D920A9262AEBDED80090C83A /* Release */,
			);
			defaultConfigurationIsVisible = 0;
			defaultConfigurationName = Release;
		};
/* End XCConfigurationList section */
	};
	rootObject = D920A9082AEBDED60090C83A /* Project object */;
}
